// !$*UTF8*$!
{
	archiveVersion = 1;
	classes = {
	};
	objectVersion = 51;
	objects = {

/* Begin PBXBuildFile section */
		07BBA2C126FCB1EB00B4B77D /* AppDelegate.swift in Sources */ = {isa = PBXBuildFile; fileRef = 07BBA2C026FCB1EB00B4B77D /* AppDelegate.swift */; };
		07BBA2C326FCB1EB00B4B77D /* SceneDelegate.swift in Sources */ = {isa = PBXBuildFile; fileRef = 07BBA2C226FCB1EB00B4B77D /* SceneDelegate.swift */; };
		07BBA2C526FCB1EB00B4B77D /* SearchCityVC.swift in Sources */ = {isa = PBXBuildFile; fileRef = 07BBA2C426FCB1EB00B4B77D /* SearchCityVC.swift */; };
		07BBA2C826FCB1EB00B4B77D /* Main.storyboard in Resources */ = {isa = PBXBuildFile; fileRef = 07BBA2C626FCB1EB00B4B77D /* Main.storyboard */; };
		07BBA2CA26FCB1EF00B4B77D /* Assets.xcassets in Resources */ = {isa = PBXBuildFile; fileRef = 07BBA2C926FCB1EF00B4B77D /* Assets.xcassets */; };
		07BBA2CD26FCB1EF00B4B77D /* LaunchScreen.storyboard in Resources */ = {isa = PBXBuildFile; fileRef = 07BBA2CB26FCB1EF00B4B77D /* LaunchScreen.storyboard */; };
		07BBA2D526FCB4D600B4B77D /* SearchCityViewPresentable.swift in Sources */ = {isa = PBXBuildFile; fileRef = 07BBA2D426FCB4D600B4B77D /* SearchCityViewPresentable.swift */; };
		07BBA2D826FCC4BD00B4B77D /* SearchCoordinator.swift in Sources */ = {isa = PBXBuildFile; fileRef = 07BBA2D726FCC4BD00B4B77D /* SearchCoordinator.swift */; };
		07BBA2DC26FCC60B00B4B77D /* Coordinator.swift in Sources */ = {isa = PBXBuildFile; fileRef = 07BBA2DB26FCC60B00B4B77D /* Coordinator.swift */; };
		07BBA2DE26FCC71A00B4B77D /* BaseCoordinator.swift in Sources */ = {isa = PBXBuildFile; fileRef = 07BBA2DD26FCC71A00B4B77D /* BaseCoordinator.swift */; };
		07BBA2E126FCC7E000B4B77D /* Utils.swift in Sources */ = {isa = PBXBuildFile; fileRef = 07BBA2E026FCC7E000B4B77D /* Utils.swift */; };
		07BBA2E326FCCDC900B4B77D /* AppCoordinator.swift in Sources */ = {isa = PBXBuildFile; fileRef = 07BBA2E226FCCDC900B4B77D /* AppCoordinator.swift */; };
		B1E5D10043775F693535F40D /* Pods_AirportCitySearch.framework in Frameworks */ = {isa = PBXBuildFile; fileRef = B1ED5D92E4AE41211464D6DE /* Pods_AirportCitySearch.framework */; };
/* End PBXBuildFile section */

/* Begin PBXFileReference section */
		07BBA2BD26FCB1EB00B4B77D /* AirportCitySearch.app */ = {isa = PBXFileReference; explicitFileType = wrapper.application; includeInIndex = 0; path = AirportCitySearch.app; sourceTree = BUILT_PRODUCTS_DIR; };
		07BBA2C026FCB1EB00B4B77D /* AppDelegate.swift */ = {isa = PBXFileReference; lastKnownFileType = sourcecode.swift; path = AppDelegate.swift; sourceTree = "<group>"; };
		07BBA2C226FCB1EB00B4B77D /* SceneDelegate.swift */ = {isa = PBXFileReference; lastKnownFileType = sourcecode.swift; path = SceneDelegate.swift; sourceTree = "<group>"; };
		07BBA2C426FCB1EB00B4B77D /* SearchCityVC.swift */ = {isa = PBXFileReference; lastKnownFileType = sourcecode.swift; path = SearchCityVC.swift; sourceTree = "<group>"; };
		07BBA2C726FCB1EB00B4B77D /* Base */ = {isa = PBXFileReference; lastKnownFileType = file.storyboard; name = Base; path = Base.lproj/Main.storyboard; sourceTree = "<group>"; };
		07BBA2C926FCB1EF00B4B77D /* Assets.xcassets */ = {isa = PBXFileReference; lastKnownFileType = folder.assetcatalog; path = Assets.xcassets; sourceTree = "<group>"; };
		07BBA2CC26FCB1EF00B4B77D /* Base */ = {isa = PBXFileReference; lastKnownFileType = file.storyboard; name = Base; path = Base.lproj/LaunchScreen.storyboard; sourceTree = "<group>"; };
		07BBA2CE26FCB1EF00B4B77D /* Info.plist */ = {isa = PBXFileReference; lastKnownFileType = text.plist.xml; path = Info.plist; sourceTree = "<group>"; };
		07BBA2D426FCB4D600B4B77D /* SearchCityViewPresentable.swift */ = {isa = PBXFileReference; lastKnownFileType = sourcecode.swift; path = SearchCityViewPresentable.swift; sourceTree = "<group>"; };
		07BBA2D726FCC4BD00B4B77D /* SearchCoordinator.swift */ = {isa = PBXFileReference; lastKnownFileType = sourcecode.swift; path = SearchCoordinator.swift; sourceTree = "<group>"; };
		07BBA2DB26FCC60B00B4B77D /* Coordinator.swift */ = {isa = PBXFileReference; lastKnownFileType = sourcecode.swift; path = Coordinator.swift; sourceTree = "<group>"; };
		07BBA2DD26FCC71A00B4B77D /* BaseCoordinator.swift */ = {isa = PBXFileReference; lastKnownFileType = sourcecode.swift; path = BaseCoordinator.swift; sourceTree = "<group>"; };
		07BBA2E026FCC7E000B4B77D /* Utils.swift */ = {isa = PBXFileReference; lastKnownFileType = sourcecode.swift; path = Utils.swift; sourceTree = "<group>"; };
		07BBA2E226FCCDC900B4B77D /* AppCoordinator.swift */ = {isa = PBXFileReference; lastKnownFileType = sourcecode.swift; path = AppCoordinator.swift; sourceTree = "<group>"; };
		58B1C996185DE5D94AEAE5E9 /* Pods-AirportCitySearch.debug.xcconfig */ = {isa = PBXFileReference; includeInIndex = 1; lastKnownFileType = text.xcconfig; name = "Pods-AirportCitySearch.debug.xcconfig"; path = "Target Support Files/Pods-AirportCitySearch/Pods-AirportCitySearch.debug.xcconfig"; sourceTree = "<group>"; };
		B1ED5D92E4AE41211464D6DE /* Pods_AirportCitySearch.framework */ = {isa = PBXFileReference; explicitFileType = wrapper.framework; includeInIndex = 0; path = Pods_AirportCitySearch.framework; sourceTree = BUILT_PRODUCTS_DIR; };
		B7453C7B4588429296C1513A /* Pods-AirportCitySearch.release.xcconfig */ = {isa = PBXFileReference; includeInIndex = 1; lastKnownFileType = text.xcconfig; name = "Pods-AirportCitySearch.release.xcconfig"; path = "Target Support Files/Pods-AirportCitySearch/Pods-AirportCitySearch.release.xcconfig"; sourceTree = "<group>"; };
/* End PBXFileReference section */

/* Begin PBXFrameworksBuildPhase section */
		07BBA2BA26FCB1EB00B4B77D /* Frameworks */ = {
			isa = PBXFrameworksBuildPhase;
			buildActionMask = 2147483647;
			files = (
				B1E5D10043775F693535F40D /* Pods_AirportCitySearch.framework in Frameworks */,
			);
			runOnlyForDeploymentPostprocessing = 0;
		};
/* End PBXFrameworksBuildPhase section */

/* Begin PBXGroup section */
		07BBA2B426FCB1EB00B4B77D = {
			isa = PBXGroup;
			children = (
				07BBA2BF26FCB1EB00B4B77D /* AirportCitySearch */,
				07BBA2BE26FCB1EB00B4B77D /* Products */,
				4E123969536EA0453261AAC2 /* Pods */,
				E13190AFF6A8B15FF4F5A983 /* Frameworks */,
			);
			sourceTree = "<group>";
		};
		07BBA2BE26FCB1EB00B4B77D /* Products */ = {
			isa = PBXGroup;
			children = (
				07BBA2BD26FCB1EB00B4B77D /* AirportCitySearch.app */,
			);
			name = Products;
			sourceTree = "<group>";
		};
		07BBA2BF26FCB1EB00B4B77D /* AirportCitySearch */ = {
			isa = PBXGroup;
			children = (
				07BBA2DF26FCC7D000B4B77D /* Utils */,
				07BBA2DA26FCC4D100B4B77D /* View */,
				07BBA2D926FCC4CB00B4B77D /* ViewModel */,
				07BBA2D626FCC4A800B4B77D /* Coordinator */,
				07BBA2C026FCB1EB00B4B77D /* AppDelegate.swift */,
				07BBA2C226FCB1EB00B4B77D /* SceneDelegate.swift */,
				07BBA2C626FCB1EB00B4B77D /* Main.storyboard */,
				07BBA2C926FCB1EF00B4B77D /* Assets.xcassets */,
				07BBA2CB26FCB1EF00B4B77D /* LaunchScreen.storyboard */,
				07BBA2CE26FCB1EF00B4B77D /* Info.plist */,
			);
			path = AirportCitySearch;
			sourceTree = "<group>";
		};
		07BBA2D626FCC4A800B4B77D /* Coordinator */ = {
			isa = PBXGroup;
			children = (
				07BBA2D726FCC4BD00B4B77D /* SearchCoordinator.swift */,
				07BBA2DB26FCC60B00B4B77D /* Coordinator.swift */,
				07BBA2DD26FCC71A00B4B77D /* BaseCoordinator.swift */,
				07BBA2E226FCCDC900B4B77D /* AppCoordinator.swift */,
			);
			path = Coordinator;
			sourceTree = "<group>";
		};
		07BBA2D926FCC4CB00B4B77D /* ViewModel */ = {
			isa = PBXGroup;
			children = (
				07BBA2D426FCB4D600B4B77D /* SearchCityViewPresentable.swift */,
			);
			path = ViewModel;
			sourceTree = "<group>";
		};
		07BBA2DA26FCC4D100B4B77D /* View */ = {
			isa = PBXGroup;
			children = (
				07BBA2C426FCB1EB00B4B77D /* SearchCityVC.swift */,
			);
			path = View;
			sourceTree = "<group>";
		};
		07BBA2DF26FCC7D000B4B77D /* Utils */ = {
			isa = PBXGroup;
			children = (
				07BBA2E026FCC7E000B4B77D /* Utils.swift */,
			);
			path = Utils;
			sourceTree = "<group>";
		};
		4E123969536EA0453261AAC2 /* Pods */ = {
			isa = PBXGroup;
			children = (
				58B1C996185DE5D94AEAE5E9 /* Pods-AirportCitySearch.debug.xcconfig */,
				B7453C7B4588429296C1513A /* Pods-AirportCitySearch.release.xcconfig */,
			);
			path = Pods;
			sourceTree = "<group>";
		};
		E13190AFF6A8B15FF4F5A983 /* Frameworks */ = {
			isa = PBXGroup;
			children = (
				B1ED5D92E4AE41211464D6DE /* Pods_AirportCitySearch.framework */,
			);
			name = Frameworks;
			sourceTree = "<group>";
		};
/* End PBXGroup section */

/* Begin PBXNativeTarget section */
		07BBA2BC26FCB1EB00B4B77D /* AirportCitySearch */ = {
			isa = PBXNativeTarget;
			buildConfigurationList = 07BBA2D126FCB1EF00B4B77D /* Build configuration list for PBXNativeTarget "AirportCitySearch" */;
			buildPhases = (
				86E482EB0AA0A56662889F40 /* [CP] Check Pods Manifest.lock */,
				07BBA2B926FCB1EB00B4B77D /* Sources */,
				07BBA2BA26FCB1EB00B4B77D /* Frameworks */,
				07BBA2BB26FCB1EB00B4B77D /* Resources */,
				D99B96F9F2A74C14B5959F50 /* [CP] Embed Pods Frameworks */,
			);
			buildRules = (
			);
			dependencies = (
			);
			name = AirportCitySearch;
			productName = AirportCitySearch;
			productReference = 07BBA2BD26FCB1EB00B4B77D /* AirportCitySearch.app */;
			productType = "com.apple.product-type.application";
		};
/* End PBXNativeTarget section */

/* Begin PBXProject section */
		07BBA2B526FCB1EB00B4B77D /* Project object */ = {
			isa = PBXProject;
			attributes = {
				LastSwiftUpdateCheck = 1250;
				LastUpgradeCheck = 1250;
				TargetAttributes = {
					07BBA2BC26FCB1EB00B4B77D = {
						CreatedOnToolsVersion = 12.5.1;
					};
				};
			};
			buildConfigurationList = 07BBA2B826FCB1EB00B4B77D /* Build configuration list for PBXProject "AirportCitySearch" */;
			compatibilityVersion = "Xcode 9.3";
			developmentRegion = en;
			hasScannedForEncodings = 0;
			knownRegions = (
				en,
				Base,
			);
			mainGroup = 07BBA2B426FCB1EB00B4B77D;
			productRefGroup = 07BBA2BE26FCB1EB00B4B77D /* Products */;
			projectDirPath = "";
			projectRoot = "";
			targets = (
				07BBA2BC26FCB1EB00B4B77D /* AirportCitySearch */,
			);
		};
/* End PBXProject section */

/* Begin PBXResourcesBuildPhase section */
		07BBA2BB26FCB1EB00B4B77D /* Resources */ = {
			isa = PBXResourcesBuildPhase;
			buildActionMask = 2147483647;
			files = (
				07BBA2CD26FCB1EF00B4B77D /* LaunchScreen.storyboard in Resources */,
				07BBA2CA26FCB1EF00B4B77D /* Assets.xcassets in Resources */,
				07BBA2C826FCB1EB00B4B77D /* Main.storyboard in Resources */,
			);
			runOnlyForDeploymentPostprocessing = 0;
		};
/* End PBXResourcesBuildPhase section */

/* Begin PBXShellScriptBuildPhase section */
		86E482EB0AA0A56662889F40 /* [CP] Check Pods Manifest.lock */ = {
			isa = PBXShellScriptBuildPhase;
			buildActionMask = 2147483647;
			files = (
			);
			inputFileListPaths = (
			);
			inputPaths = (
				"${PODS_PODFILE_DIR_PATH}/Podfile.lock",
				"${PODS_ROOT}/Manifest.lock",
			);
			name = "[CP] Check Pods Manifest.lock";
			outputFileListPaths = (
			);
			outputPaths = (
				"$(DERIVED_FILE_DIR)/Pods-AirportCitySearch-checkManifestLockResult.txt",
			);
			runOnlyForDeploymentPostprocessing = 0;
			shellPath = /bin/sh;
			shellScript = "diff \"${PODS_PODFILE_DIR_PATH}/Podfile.lock\" \"${PODS_ROOT}/Manifest.lock\" > /dev/null\nif [ $? != 0 ] ; then\n    # print error to STDERR\n    echo \"error: The sandbox is not in sync with the Podfile.lock. Run 'pod install' or update your CocoaPods installation.\" >&2\n    exit 1\nfi\n# This output is used by Xcode 'outputs' to avoid re-running this script phase.\necho \"SUCCESS\" > \"${SCRIPT_OUTPUT_FILE_0}\"\n";
			showEnvVarsInLog = 0;
		};
		D99B96F9F2A74C14B5959F50 /* [CP] Embed Pods Frameworks */ = {
			isa = PBXShellScriptBuildPhase;
			buildActionMask = 2147483647;
			files = (
			);
			inputFileListPaths = (
				"${PODS_ROOT}/Target Support Files/Pods-AirportCitySearch/Pods-AirportCitySearch-frameworks-${CONFIGURATION}-input-files.xcfilelist",
			);
			name = "[CP] Embed Pods Frameworks";
			outputFileListPaths = (
				"${PODS_ROOT}/Target Support Files/Pods-AirportCitySearch/Pods-AirportCitySearch-frameworks-${CONFIGURATION}-output-files.xcfilelist",
			);
			runOnlyForDeploymentPostprocessing = 0;
			shellPath = /bin/sh;
			shellScript = "\"${PODS_ROOT}/Target Support Files/Pods-AirportCitySearch/Pods-AirportCitySearch-frameworks.sh\"\n";
			showEnvVarsInLog = 0;
		};
/* End PBXShellScriptBuildPhase section */

/* Begin PBXSourcesBuildPhase section */
		07BBA2B926FCB1EB00B4B77D /* Sources */ = {
			isa = PBXSourcesBuildPhase;
			buildActionMask = 2147483647;
			files = (
				07BBA2DE26FCC71A00B4B77D /* BaseCoordinator.swift in Sources */,
				07BBA2C526FCB1EB00B4B77D /* SearchCityVC.swift in Sources */,
				07BBA2D826FCC4BD00B4B77D /* SearchCoordinator.swift in Sources */,
				07BBA2DC26FCC60B00B4B77D /* Coordinator.swift in Sources */,
				07BBA2D526FCB4D600B4B77D /* SearchCityViewPresentable.swift in Sources */,
				07BBA2C126FCB1EB00B4B77D /* AppDelegate.swift in Sources */,
				07BBA2E326FCCDC900B4B77D /* AppCoordinator.swift in Sources */,
				07BBA2C326FCB1EB00B4B77D /* SceneDelegate.swift in Sources */,
				07BBA2E126FCC7E000B4B77D /* Utils.swift in Sources */,
			);
			runOnlyForDeploymentPostprocessing = 0;
		};
/* End PBXSourcesBuildPhase section */

/* Begin PBXVariantGroup section */
		07BBA2C626FCB1EB00B4B77D /* Main.storyboard */ = {
			isa = PBXVariantGroup;
			children = (
				07BBA2C726FCB1EB00B4B77D /* Base */,
			);
			name = Main.storyboard;
			sourceTree = "<group>";
		};
		07BBA2CB26FCB1EF00B4B77D /* LaunchScreen.storyboard */ = {
			isa = PBXVariantGroup;
			children = (
				07BBA2CC26FCB1EF00B4B77D /* Base */,
			);
			name = LaunchScreen.storyboard;
			sourceTree = "<group>";
		};
/* End PBXVariantGroup section */

/* Begin XCBuildConfiguration section */
		07BBA2CF26FCB1EF00B4B77D /* Debug */ = {
			isa = XCBuildConfiguration;
			buildSettings = {
				ALWAYS_SEARCH_USER_PATHS = NO;
				CLANG_ANALYZER_NONNULL = YES;
				CLANG_ANALYZER_NUMBER_OBJECT_CONVERSION = YES_AGGRESSIVE;
				CLANG_CXX_LANGUAGE_STANDARD = "gnu++14";
				CLANG_CXX_LIBRARY = "libc++";
				CLANG_ENABLE_MODULES = YES;
				CLANG_ENABLE_OBJC_ARC = YES;
				CLANG_ENABLE_OBJC_WEAK = YES;
				CLANG_WARN_BLOCK_CAPTURE_AUTORELEASING = YES;
				CLANG_WARN_BOOL_CONVERSION = YES;
				CLANG_WARN_COMMA = YES;
				CLANG_WARN_CONSTANT_CONVERSION = YES;
				CLANG_WARN_DEPRECATED_OBJC_IMPLEMENTATIONS = YES;
				CLANG_WARN_DIRECT_OBJC_ISA_USAGE = YES_ERROR;
				CLANG_WARN_DOCUMENTATION_COMMENTS = YES;
				CLANG_WARN_EMPTY_BODY = YES;
				CLANG_WARN_ENUM_CONVERSION = YES;
				CLANG_WARN_INFINITE_RECURSION = YES;
				CLANG_WARN_INT_CONVERSION = YES;
				CLANG_WARN_NON_LITERAL_NULL_CONVERSION = YES;
				CLANG_WARN_OBJC_IMPLICIT_RETAIN_SELF = YES;
				CLANG_WARN_OBJC_LITERAL_CONVERSION = YES;
				CLANG_WARN_OBJC_ROOT_CLASS = YES_ERROR;
				CLANG_WARN_QUOTED_INCLUDE_IN_FRAMEWORK_HEADER = YES;
				CLANG_WARN_RANGE_LOOP_ANALYSIS = YES;
				CLANG_WARN_STRICT_PROTOTYPES = YES;
				CLANG_WARN_SUSPICIOUS_MOVE = YES;
				CLANG_WARN_UNGUARDED_AVAILABILITY = YES_AGGRESSIVE;
				CLANG_WARN_UNREACHABLE_CODE = YES;
				CLANG_WARN__DUPLICATE_METHOD_MATCH = YES;
				COPY_PHASE_STRIP = NO;
				DEBUG_INFORMATION_FORMAT = dwarf;
				ENABLE_STRICT_OBJC_MSGSEND = YES;
				ENABLE_TESTABILITY = YES;
				GCC_C_LANGUAGE_STANDARD = gnu11;
				GCC_DYNAMIC_NO_PIC = NO;
				GCC_NO_COMMON_BLOCKS = YES;
				GCC_OPTIMIZATION_LEVEL = 0;
				GCC_PREPROCESSOR_DEFINITIONS = (
					"DEBUG=1",
					"$(inherited)",
				);
				GCC_WARN_64_TO_32_BIT_CONVERSION = YES;
				GCC_WARN_ABOUT_RETURN_TYPE = YES_ERROR;
				GCC_WARN_UNDECLARED_SELECTOR = YES;
				GCC_WARN_UNINITIALIZED_AUTOS = YES_AGGRESSIVE;
				GCC_WARN_UNUSED_FUNCTION = YES;
				GCC_WARN_UNUSED_VARIABLE = YES;
				IPHONEOS_DEPLOYMENT_TARGET = 14.5;
				MTL_ENABLE_DEBUG_INFO = INCLUDE_SOURCE;
				MTL_FAST_MATH = YES;
				ONLY_ACTIVE_ARCH = YES;
				SDKROOT = iphoneos;
				SWIFT_ACTIVE_COMPILATION_CONDITIONS = DEBUG;
				SWIFT_OPTIMIZATION_LEVEL = "-Onone";
			};
			name = Debug;
		};
		07BBA2D026FCB1EF00B4B77D /* Release */ = {
			isa = XCBuildConfiguration;
			buildSettings = {
				ALWAYS_SEARCH_USER_PATHS = NO;
				CLANG_ANALYZER_NONNULL = YES;
				CLANG_ANALYZER_NUMBER_OBJECT_CONVERSION = YES_AGGRESSIVE;
				CLANG_CXX_LANGUAGE_STANDARD = "gnu++14";
				CLANG_CXX_LIBRARY = "libc++";
				CLANG_ENABLE_MODULES = YES;
				CLANG_ENABLE_OBJC_ARC = YES;
				CLANG_ENABLE_OBJC_WEAK = YES;
				CLANG_WARN_BLOCK_CAPTURE_AUTORELEASING = YES;
				CLANG_WARN_BOOL_CONVERSION = YES;
				CLANG_WARN_COMMA = YES;
				CLANG_WARN_CONSTANT_CONVERSION = YES;
				CLANG_WARN_DEPRECATED_OBJC_IMPLEMENTATIONS = YES;
				CLANG_WARN_DIRECT_OBJC_ISA_USAGE = YES_ERROR;
				CLANG_WARN_DOCUMENTATION_COMMENTS = YES;
				CLANG_WARN_EMPTY_BODY = YES;
				CLANG_WARN_ENUM_CONVERSION = YES;
				CLANG_WARN_INFINITE_RECURSION = YES;
				CLANG_WARN_INT_CONVERSION = YES;
				CLANG_WARN_NON_LITERAL_NULL_CONVERSION = YES;
				CLANG_WARN_OBJC_IMPLICIT_RETAIN_SELF = YES;
				CLANG_WARN_OBJC_LITERAL_CONVERSION = YES;
				CLANG_WARN_OBJC_ROOT_CLASS = YES_ERROR;
				CLANG_WARN_QUOTED_INCLUDE_IN_FRAMEWORK_HEADER = YES;
				CLANG_WARN_RANGE_LOOP_ANALYSIS = YES;
				CLANG_WARN_STRICT_PROTOTYPES = YES;
				CLANG_WARN_SUSPICIOUS_MOVE = YES;
				CLANG_WARN_UNGUARDED_AVAILABILITY = YES_AGGRESSIVE;
				CLANG_WARN_UNREACHABLE_CODE = YES;
				CLANG_WARN__DUPLICATE_METHOD_MATCH = YES;
				COPY_PHASE_STRIP = NO;
				DEBUG_INFORMATION_FORMAT = "dwarf-with-dsym";
				ENABLE_NS_ASSERTIONS = NO;
				ENABLE_STRICT_OBJC_MSGSEND = YES;
				GCC_C_LANGUAGE_STANDARD = gnu11;
				GCC_NO_COMMON_BLOCKS = YES;
				GCC_WARN_64_TO_32_BIT_CONVERSION = YES;
				GCC_WARN_ABOUT_RETURN_TYPE = YES_ERROR;
				GCC_WARN_UNDECLARED_SELECTOR = YES;
				GCC_WARN_UNINITIALIZED_AUTOS = YES_AGGRESSIVE;
				GCC_WARN_UNUSED_FUNCTION = YES;
				GCC_WARN_UNUSED_VARIABLE = YES;
				IPHONEOS_DEPLOYMENT_TARGET = 14.5;
				MTL_ENABLE_DEBUG_INFO = NO;
				MTL_FAST_MATH = YES;
				SDKROOT = iphoneos;
				SWIFT_COMPILATION_MODE = wholemodule;
				SWIFT_OPTIMIZATION_LEVEL = "-O";
				VALIDATE_PRODUCT = YES;
			};
			name = Release;
		};
		07BBA2D226FCB1EF00B4B77D /* Debug */ = {
			isa = XCBuildConfiguration;
			baseConfigurationReference = 58B1C996185DE5D94AEAE5E9 /* Pods-AirportCitySearch.debug.xcconfig */;
			buildSettings = {
				ASSETCATALOG_COMPILER_APPICON_NAME = AppIcon;
				ASSETCATALOG_COMPILER_GLOBAL_ACCENT_COLOR_NAME = AccentColor;
				CODE_SIGN_STYLE = Automatic;
				INFOPLIST_FILE = AirportCitySearch/Info.plist;
				LD_RUNPATH_SEARCH_PATHS = (
					"$(inherited)",
					"@executable_path/Frameworks",
				);
				PRODUCT_BUNDLE_IDENTIFIER = Test.AirportCitySearch;
				PRODUCT_NAME = "$(TARGET_NAME)";
				SWIFT_VERSION = 5.0;
				TARGETED_DEVICE_FAMILY = "1,2";
			};
			name = Debug;
		};
		07BBA2D326FCB1EF00B4B77D /* Release */ = {
			isa = XCBuildConfiguration;
			baseConfigurationReference = B7453C7B4588429296C1513A /* Pods-AirportCitySearch.release.xcconfig */;
			buildSettings = {
				ASSETCATALOG_COMPILER_APPICON_NAME = AppIcon;
				ASSETCATALOG_COMPILER_GLOBAL_ACCENT_COLOR_NAME = AccentColor;
				CODE_SIGN_STYLE = Automatic;
				INFOPLIST_FILE = AirportCitySearch/Info.plist;
				LD_RUNPATH_SEARCH_PATHS = (
					"$(inherited)",
					"@executable_path/Frameworks",
				);
				PRODUCT_BUNDLE_IDENTIFIER = Test.AirportCitySearch;
				PRODUCT_NAME = "$(TARGET_NAME)";
				SWIFT_VERSION = 5.0;
				TARGETED_DEVICE_FAMILY = "1,2";
			};
			name = Release;
		};
/* End XCBuildConfiguration section */

/* Begin XCConfigurationList section */
		07BBA2B826FCB1EB00B4B77D /* Build configuration list for PBXProject "AirportCitySearch" */ = {
			isa = XCConfigurationList;
			buildConfigurations = (
				07BBA2CF26FCB1EF00B4B77D /* Debug */,
				07BBA2D026FCB1EF00B4B77D /* Release */,
			);
			defaultConfigurationIsVisible = 0;
			defaultConfigurationName = Release;
		};
		07BBA2D126FCB1EF00B4B77D /* Build configuration list for PBXNativeTarget "AirportCitySearch" */ = {
			isa = XCConfigurationList;
			buildConfigurations = (
				07BBA2D226FCB1EF00B4B77D /* Debug */,
				07BBA2D326FCB1EF00B4B77D /* Release */,
			);
			defaultConfigurationIsVisible = 0;
			defaultConfigurationName = Release;
		};
/* End XCConfigurationList section */
	};
	rootObject = 07BBA2B526FCB1EB00B4B77D /* Project object */;
}
